
Microsoft Visual Studio Solution File, Format Version 12.00
# Visual Studio Version 16
VisualStudioVersion = 16.0.30114.105
MinimumVisualStudioVersion = 10.0.40219.1
Project("{2150E333-8FDC-42A3-9474-1A3956D46DE8}") = "src", "src", "{B92F7F62-5B7A-436B-BA29-E957CF48FCFC}"
EndProject
Project("{FAE04EC0-301F-11D3-BF4B-00C04F79EFBC}") = "b2cccgapi", "src\b2cccgapi\b2cccgapi.csproj", "{8AC99931-1FB8-4AB4-AE75-238512537B6E}"
EndProject
Global
	GlobalSection(SolutionConfigurationPlatforms) = preSolution
		Debug|Any CPU = Debug|Any CPU
		Debug|x64 = Debug|x64
		Debug|x86 = Debug|x86
		Release|Any CPU = Release|Any CPU
		Release|x64 = Release|x64
		Release|x86 = Release|x86
	EndGlobalSection
	GlobalSection(SolutionProperties) = preSolution
		HideSolutionNode = FALSE
	EndGlobalSection
	GlobalSection(ProjectConfigurationPlatforms) = postSolution
		{8AC99931-1FB8-4AB4-AE75-238512537B6E}.Debug|Any CPU.ActiveCfg = Debug|Any CPU
		{8AC99931-1FB8-4AB4-AE75-238512537B6E}.Debug|Any CPU.Build.0 = Debug|Any CPU
		{8AC99931-1FB8-4AB4-AE75-238512537B6E}.Debug|x64.ActiveCfg = Debug|Any CPU
		{8AC99931-1FB8-4AB4-AE75-238512537B6E}.Debug|x64.Build.0 = Debug|Any CPU
		{8AC99931-1FB8-4AB4-AE75-238512537B6E}.Debug|x86.ActiveCfg = Debug|Any CPU
		{8AC99931-1FB8-4AB4-AE75-238512537B6E}.Debug|x86.Build.0 = Debug|Any CPU
		{8AC99931-1FB8-4AB4-AE75-238512537B6E}.Release|Any CPU.ActiveCfg = Release|Any CPU
		{8AC99931-1FB8-4AB4-AE75-238512537B6E}.Release|Any CPU.Build.0 = Release|Any CPU
		{8AC99931-1FB8-4AB4-AE75-238512537B6E}.Release|x64.ActiveCfg = Release|Any CPU
		{8AC99931-1FB8-4AB4-AE75-238512537B6E}.Release|x64.Build.0 = Release|Any CPU
		{8AC99931-1FB8-4AB4-AE75-238512537B6E}.Release|x86.ActiveCfg = Release|Any CPU
		{8AC99931-1FB8-4AB4-AE75-238512537B6E}.Release|x86.Build.0 = Release|Any CPU
	EndGlobalSection
	GlobalSection(NestedProjects) = preSolution
		{8AC99931-1FB8-4AB4-AE75-238512537B6E} = {B92F7F62-5B7A-436B-BA29-E957CF48FCFC}
	EndGlobalSection
EndGlobal
